
Microsoft Visual Studio Solution File, Format Version 12.00
# Visual Studio Version 16
VisualStudioVersion = 16.0.28917.181
MinimumVisualStudioVersion = 10.0.40219.1
Project("{FAE04EC0-301F-11D3-BF4B-00C04F79EFBC}") = "CML.CommonEx", "CML.CommonEx\CML.CommonEx.csproj", "{F176B109-7214-45EE-8670-B8860DB19821}"
EndProject
Project("{FAE04EC0-301F-11D3-BF4B-00C04F79EFBC}") = "CML.ControlEx", "CML.ControlEx\CML.ControlEx.csproj", "{4CE4D99A-05A3-4FB1-8A45-224ED3A54AF9}"
EndProject
Project("{FAE04EC0-301F-11D3-BF4B-00C04F79EFBC}") = "CML.EntertainmentEx", "CML.EntertainmentEx\CML.EntertainmentEx.csproj", "{F900E757-5A99-4E61-B2DF-C3041824EE29}"
EndProject
Project("{FAE04EC0-301F-11D3-BF4B-00C04F79EFBC}") = "CML.SoftwareToolEx", "CML.SoftwareToolEx\CML.SoftwareToolEx.csproj", "{4FDACC96-9498-4F95-8E56-6BB5AB3D3421}"
EndProject
Project("{FAE04EC0-301F-11D3-BF4B-00C04F79EFBC}") = "ToolKit.Test", "ToolKit.Test\ToolKit.Test.csproj", "{CF598401-BF9D-4624-8C7C-93B1A1BE324E}"
EndProject
Global
	GlobalSection(SolutionConfigurationPlatforms) = preSolution
		Debug|Any CPU = Debug|Any CPU
		Release|Any CPU = Release|Any CPU
	EndGlobalSection
	GlobalSection(ProjectConfigurationPlatforms) = postSolution
		{F176B109-7214-45EE-8670-B8860DB19821}.Debug|Any CPU.ActiveCfg = Debug|Any CPU
		{F176B109-7214-45EE-8670-B8860DB19821}.Debug|Any CPU.Build.0 = Debug|Any CPU
		{F176B109-7214-45EE-8670-B8860DB19821}.Release|Any CPU.ActiveCfg = Release|Any CPU
		{F176B109-7214-45EE-8670-B8860DB19821}.Release|Any CPU.Build.0 = Release|Any CPU
		{4CE4D99A-05A3-4FB1-8A45-224ED3A54AF9}.Debug|Any CPU.ActiveCfg = Debug|Any CPU
		{4CE4D99A-05A3-4FB1-8A45-224ED3A54AF9}.Debug|Any CPU.Build.0 = Debug|Any CPU
		{4CE4D99A-05A3-4FB1-8A45-224ED3A54AF9}.Release|Any CPU.ActiveCfg = Release|Any CPU
		{4CE4D99A-05A3-4FB1-8A45-224ED3A54AF9}.Release|Any CPU.Build.0 = Release|Any CPU
		{F900E757-5A99-4E61-B2DF-C3041824EE29}.Debug|Any CPU.ActiveCfg = Debug|Any CPU
		{F900E757-5A99-4E61-B2DF-C3041824EE29}.Debug|Any CPU.Build.0 = Debug|Any CPU
		{F900E757-5A99-4E61-B2DF-C3041824EE29}.Release|Any CPU.ActiveCfg = Release|Any CPU
		{F900E757-5A99-4E61-B2DF-C3041824EE29}.Release|Any CPU.Build.0 = Release|Any CPU
		{4FDACC96-9498-4F95-8E56-6BB5AB3D3421}.Debug|Any CPU.ActiveCfg = Debug|Any CPU
		{4FDACC96-9498-4F95-8E56-6BB5AB3D3421}.Debug|Any CPU.Build.0 = Debug|Any CPU
		{4FDACC96-9498-4F95-8E56-6BB5AB3D3421}.Release|Any CPU.ActiveCfg = Release|Any CPU
		{4FDACC96-9498-4F95-8E56-6BB5AB3D3421}.Release|Any CPU.Build.0 = Release|Any CPU
		{CF598401-BF9D-4624-8C7C-93B1A1BE324E}.Debug|Any CPU.ActiveCfg = Debug|Any CPU
		{CF598401-BF9D-4624-8C7C-93B1A1BE324E}.Debug|Any CPU.Build.0 = Debug|Any CPU
		{CF598401-BF9D-4624-8C7C-93B1A1BE324E}.Release|Any CPU.ActiveCfg = Release|Any CPU
		{CF598401-BF9D-4624-8C7C-93B1A1BE324E}.Release|Any CPU.Build.0 = Release|Any CPU
	EndGlobalSection
	GlobalSection(SolutionProperties) = preSolution
		HideSolutionNode = FALSE
	EndGlobalSection
	GlobalSection(ExtensibilityGlobals) = postSolution
		SolutionGuid = {383EE6C4-3BDD-4F8A-B9C0-A1F4A196AD98}
	EndGlobalSection
EndGlobal
