
Microsoft Visual Studio Solution File, Format Version 12.00
# Visual Studio Version 16
VisualStudioVersion = 16.0.28917.181
MinimumVisualStudioVersion = 10.0.40219.1
Project("{FAE04EC0-301F-11D3-BF4B-00C04F79EFBC}") = "CML.ToolKit.SocketEx", "CML.ToolKit.SocketEx\CML.ToolKit.SocketEx.csproj", "{DF5363ED-9271-424A-A813-E0E85DD635C8}"
EndProject
Project("{FAE04EC0-301F-11D3-BF4B-00C04F79EFBC}") = "CML.ToolKit.ToolTest", "CML.ToolKit.ToolTest\CML.ToolKit.ToolTest.csproj", "{E6EDD1BC-05CA-425D-97C1-9EBCEF8450AE}"
EndProject
Project("{FAE04EC0-301F-11D3-BF4B-00C04F79EFBC}") = "CML.ToolKit.ControlEx", "CML.ToolKit.ControlEx\CML.ToolKit.ControlEx.csproj", "{7C7CC715-6C3F-4394-B520-DE5EECAB80C6}"
EndProject
Project("{FAE04EC0-301F-11D3-BF4B-00C04F79EFBC}") = "CML.ToolKit.DataBaseEx", "CML.ToolKit.DataBaseEx\CML.ToolKit.DataBaseEx.csproj", "{0DD24B2D-B3E0-421E-B1AC-DA675C37A9E3}"
EndProject
Global
	GlobalSection(SolutionConfigurationPlatforms) = preSolution
		Debug|Any CPU = Debug|Any CPU
		Release|Any CPU = Release|Any CPU
	EndGlobalSection
	GlobalSection(ProjectConfigurationPlatforms) = postSolution
		{DF5363ED-9271-424A-A813-E0E85DD635C8}.Debug|Any CPU.ActiveCfg = Debug|Any CPU
		{DF5363ED-9271-424A-A813-E0E85DD635C8}.Debug|Any CPU.Build.0 = Debug|Any CPU
		{DF5363ED-9271-424A-A813-E0E85DD635C8}.Release|Any CPU.ActiveCfg = Release|Any CPU
		{DF5363ED-9271-424A-A813-E0E85DD635C8}.Release|Any CPU.Build.0 = Release|Any CPU
		{E6EDD1BC-05CA-425D-97C1-9EBCEF8450AE}.Debug|Any CPU.ActiveCfg = Debug|Any CPU
		{E6EDD1BC-05CA-425D-97C1-9EBCEF8450AE}.Debug|Any CPU.Build.0 = Debug|Any CPU
		{E6EDD1BC-05CA-425D-97C1-9EBCEF8450AE}.Release|Any CPU.ActiveCfg = Release|Any CPU
		{E6EDD1BC-05CA-425D-97C1-9EBCEF8450AE}.Release|Any CPU.Build.0 = Release|Any CPU
		{7C7CC715-6C3F-4394-B520-DE5EECAB80C6}.Debug|Any CPU.ActiveCfg = Debug|Any CPU
		{7C7CC715-6C3F-4394-B520-DE5EECAB80C6}.Debug|Any CPU.Build.0 = Debug|Any CPU
		{7C7CC715-6C3F-4394-B520-DE5EECAB80C6}.Release|Any CPU.ActiveCfg = Release|Any CPU
		{7C7CC715-6C3F-4394-B520-DE5EECAB80C6}.Release|Any CPU.Build.0 = Release|Any CPU
		{0DD24B2D-B3E0-421E-B1AC-DA675C37A9E3}.Debug|Any CPU.ActiveCfg = Debug|Any CPU
		{0DD24B2D-B3E0-421E-B1AC-DA675C37A9E3}.Debug|Any CPU.Build.0 = Debug|Any CPU
		{0DD24B2D-B3E0-421E-B1AC-DA675C37A9E3}.Release|Any CPU.ActiveCfg = Release|Any CPU
		{0DD24B2D-B3E0-421E-B1AC-DA675C37A9E3}.Release|Any CPU.Build.0 = Release|Any CPU
	EndGlobalSection
	GlobalSection(SolutionProperties) = preSolution
		HideSolutionNode = FALSE
	EndGlobalSection
	GlobalSection(ExtensibilityGlobals) = postSolution
		SolutionGuid = {383EE6C4-3BDD-4F8A-B9C0-A1F4A196AD98}
	EndGlobalSection
EndGlobal
